
Microsoft Visual Studio Solution File, Format Version 12.00
# Visual Studio Version 17
VisualStudioVersion = 17.7.34031.279
MinimumVisualStudioVersion = 10.0.40219.1
Project("{FAE04EC0-301F-11D3-BF4B-00C04F79EFBC}") = "HeadsxHands", "HeadsxHands\HeadsxHands.csproj", "{47C46A1F-83F9-46D6-87C1-0B4E23465633}"
EndProject
Global
	GlobalSection(SolutionConfigurationPlatforms) = preSolution
		Debug|Any CPU = Debug|Any CPU
		Release|Any CPU = Release|Any CPU
	EndGlobalSection
	GlobalSection(ProjectConfigurationPlatforms) = postSolution
		{47C46A1F-83F9-46D6-87C1-0B4E23465633}.Debug|Any CPU.ActiveCfg = Debug|Any CPU
		{47C46A1F-83F9-46D6-87C1-0B4E23465633}.Debug|Any CPU.Build.0 = Debug|Any CPU
		{47C46A1F-83F9-46D6-87C1-0B4E23465633}.Release|Any CPU.ActiveCfg = Release|Any CPU
		{47C46A1F-83F9-46D6-87C1-0B4E23465633}.Release|Any CPU.Build.0 = Release|Any CPU
	EndGlobalSection
	GlobalSection(SolutionProperties) = preSolution
		HideSolutionNode = FALSE
	EndGlobalSection
	GlobalSection(ExtensibilityGlobals) = postSolution
		SolutionGuid = {9C5BD687-F482-4944-8E8D-E90D45EF079A}
	EndGlobalSection
EndGlobal
